
Microsoft Visual Studio Solution File, Format Version 12.00
# Visual Studio 14
VisualStudioVersion = 14.0.24720.0
MinimumVisualStudioVersion = 10.0.40219.1
Project("{FAE04EC0-301F-11D3-BF4B-00C04F79EFBC}") = "Chainsaw", "Chainsaw\Chainsaw.csproj", "{5068FD0F-1DB5-40F6-85AD-F2DB5FBDA78A}"
EndProject
Project("{FAE04EC0-301F-11D3-BF4B-00C04F79EFBC}") = "Chainsaw.Tests", "Chainsaw.Tests\Chainsaw.Tests.csproj", "{99D556B7-A841-4E6C-B5E7-6F64A68DEFC6}"
EndProject
Project("{FAE04EC0-301F-11D3-BF4B-00C04F79EFBC}") = "Benchmark", "Benchmark\Benchmark.csproj", "{483BD694-29C5-4FE7-9A61-AEC3149CBC0C}"
EndProject
Global
	GlobalSection(SolutionConfigurationPlatforms) = preSolution
		Debug|Any CPU = Debug|Any CPU
		Release|Any CPU = Release|Any CPU
	EndGlobalSection
	GlobalSection(ProjectConfigurationPlatforms) = postSolution
		{5068FD0F-1DB5-40F6-85AD-F2DB5FBDA78A}.Debug|Any CPU.ActiveCfg = Debug|Any CPU
		{5068FD0F-1DB5-40F6-85AD-F2DB5FBDA78A}.Debug|Any CPU.Build.0 = Debug|Any CPU
		{5068FD0F-1DB5-40F6-85AD-F2DB5FBDA78A}.Release|Any CPU.ActiveCfg = Release|Any CPU
		{5068FD0F-1DB5-40F6-85AD-F2DB5FBDA78A}.Release|Any CPU.Build.0 = Release|Any CPU
		{99D556B7-A841-4E6C-B5E7-6F64A68DEFC6}.Debug|Any CPU.ActiveCfg = Debug|Any CPU
		{99D556B7-A841-4E6C-B5E7-6F64A68DEFC6}.Debug|Any CPU.Build.0 = Debug|Any CPU
		{99D556B7-A841-4E6C-B5E7-6F64A68DEFC6}.Release|Any CPU.ActiveCfg = Release|Any CPU
		{99D556B7-A841-4E6C-B5E7-6F64A68DEFC6}.Release|Any CPU.Build.0 = Release|Any CPU
		{483BD694-29C5-4FE7-9A61-AEC3149CBC0C}.Debug|Any CPU.ActiveCfg = Debug|Any CPU
		{483BD694-29C5-4FE7-9A61-AEC3149CBC0C}.Debug|Any CPU.Build.0 = Debug|Any CPU
		{483BD694-29C5-4FE7-9A61-AEC3149CBC0C}.Release|Any CPU.ActiveCfg = Release|Any CPU
		{483BD694-29C5-4FE7-9A61-AEC3149CBC0C}.Release|Any CPU.Build.0 = Release|Any CPU
	EndGlobalSection
	GlobalSection(SolutionProperties) = preSolution
		HideSolutionNode = FALSE
	EndGlobalSection
EndGlobal
